version = 1
revision = 3
requires-python = "==3.14.*"

[[package]]
name = "asgiref"
version = "3.11.1"
source = { registry = "https://pypi.org/simple" }
sdist = { url = "https://files.pythonhosted.org/packages/63/40/f03da1264ae8f7cfdbf9146542e5e7e8100a4c66ab48e791df9a03d3f6c0/asgiref-3.11.1.tar.gz", hash = "sha256:5f184dc43b7e763efe848065441eac62229c9f7b0475f41f80e207a114eda4ce", size = 38550, upload-time = "2026-02-03T13:30:14.33Z" }
wheels = [
    { url = "https://files.pythonhosted.org/packages/5c/0a/a72d10ed65068e115044937873362e6e32fab1b7dce0046aeb224682c989/asgiref-3.11.1-py3-none-any.whl", hash = "sha256:e8667a091e69529631969fd45dc268fa79b99c92c5fcdda727757e52146ec133", size = 24345, upload-time = "2026-02-03T13:30:13.039Z" },
]

[[package]]
name = "click"
version = "8.3.1"
source = { registry = "https://pypi.org/simple" }
dependencies = [
    { name = "colorama", marker = "sys_platform == 'win32'" },
]
sdist = { url = "https://files.pythonhosted.org/packages/3d/fa/656b739db8587d7b5dfa22e22ed02566950fbfbcdc20311993483657a5c0/click-8.3.1.tar.gz", hash = "sha256:12ff4785d337a1bb490bb7e9c2b1ee5da3112e94a8622f26a6c77f5d2fc6842a", size = 295065, upload-time = "2025-11-15T20:45:42.706Z" }
wheels = [
    { url = "https://files.pythonhosted.org/packages/98/78/01c019cdb5d6498122777c1a43056ebb3ebfeef2076d9d026bfe15583b2b/click-8.3.1-py3-none-any.whl", hash = "sha256:981153a64e25f12d547d3426c367a4857371575ee7ad18df2a6183ab0545b2a6", size = 108274, upload-time = "2025-11-15T20:45:41.139Z" },
]

[[package]]
name = "colorama"
version = "0.4.6"
source = { registry = "https://pypi.org/simple" }
sdist = { url = "https://files.pythonhosted.org/packages/d8/53/6f443c9a4a8358a93a6792e2acffb9d9d5cb0a5cfd8802644b7b1c9a02e4/colorama-0.4.6.tar.gz", hash = "sha256:08695f5cb7ed6e0531a20572697297273c47b8cae5a63ffc6d6ed5c201be6e44", size = 27697, upload-time = "2022-10-25T02:36:22.414Z" }
wheels = [
    { url = "https://files.pythonhosted.org/packages/d1/d6/3965ed04c63042e047cb6a3e6ed1a63a35087b6a609aa3a15ed8ac56c221/colorama-0.4.6-py2.py3-none-any.whl", hash = "sha256:4f1d9991f5acc0ca119f9d443620b77f9d6b33703e51011c16baf57afb285fc6", size = 25335, upload-time = "2022-10-25T02:36:20.889Z" },
]

[[package]]
name = "django"
version = "6.0.4"
source = { registry = "https://pypi.org/simple" }
dependencies = [
    { name = "asgiref" },
    { name = "sqlparse" },
    { name = "tzdata", marker = "sys_platform == 'win32'" },
]
sdist = { url = "https://files.pythonhosted.org/packages/60/b9/4155091ad1788b38563bd77a7258c0834e8c12a7f56f6975deaf54f8b61d/django-6.0.4.tar.gz", hash = "sha256:8cfa2572b3f2768b2e84983cf3c4811877a01edb64e817986ec5d60751c113ac", size = 10907407, upload-time = "2026-04-07T13:55:44.961Z" }
wheels = [
    { url = "https://files.pythonhosted.org/packages/e9/47/3d61d611609764aa71a37f7037b870e7bfb22937366974c4fd46cada7bab/django-6.0.4-py3-none-any.whl", hash = "sha256:14359c809fc16e8f81fd2b59d7d348e4d2d799da6840b10522b6edf7b8afc1da", size = 8368342, upload-time = "2026-04-07T13:55:37.999Z" },
]

[[package]]
name = "django-container"
version = "0.1.0"
source = { virtual = "." }
dependencies = [
    { name = "django" },
    { name = "django-environ" },
    { name = "django-health-check", extra = ["psutil", "redis"] },
    { name = "granian" },
    { name = "psycopg", extra = ["binary"] },
    { name = "redis" },
    { name = "whitenoise" },
]

[package.metadata]
requires-dist = [
    { name = "django", specifier = ">=6.0.2" },
    { name = "django-environ", specifier = ">=0.13.0" },
    { name = "django-health-check", extras = ["psutil", "redis"], specifier = ">=4.0.4" },
    { name = "granian", specifier = ">=2.7.4" },
    { name = "psycopg", extras = ["binary"], specifier = ">=3.3.3" },
    { name = "redis", specifier = ">=7.2.0" },
    { name = "whitenoise", specifier = ">=6.11.0" },
]

[[package]]
name = "django-environ"
version = "0.13.0"
source = { registry = "https://pypi.org/simple" }
sdist = { url = "https://files.pythonhosted.org/packages/18/3c/60983e6ec9b24a8d8588eecebfd21123cba980bce0a905807a27692f0860/django_environ-0.13.0.tar.gz", hash = "sha256:6c401e4c219442c2c4588c2116d5292b5484a6f69163ed09cd41f3943bfb645f", size = 63529, upload-time = "2026-02-18T01:08:08.791Z" }
wheels = [
    { url = "https://files.pythonhosted.org/packages/c4/00/3767393ece946084e1c6830a33ffb8e39d68642e27ad5ac7d4c8bd5de866/django_environ-0.13.0-py3-none-any.whl", hash = "sha256:37799d14cd78222c6fd8298e48bfe17965ff8e586091ad66a463e52e0e7b799e", size = 20682, upload-time = "2026-02-18T01:08:07.359Z" },
]

[[package]]
name = "django-health-check"
version = "4.0.6"
source = { registry = "https://pypi.org/simple" }
dependencies = [
    { name = "django" },
    { name = "dnspython" },
]
sdist = { url = "https://files.pythonhosted.org/packages/92/fe/718725c58fd177cff0cfb8abe3010f2cad582713f2bc52eaf7120b750dec/django_health_check-4.0.6.tar.gz", hash = "sha256:03837041ba8a235e810e16218f2ef3feb372c4af72776fa3676c16435c72171c", size = 20763, upload-time = "2026-02-23T17:11:40.625Z" }
wheels = [
    { url = "https://files.pythonhosted.org/packages/3a/44/2fa6ec47c1c18159c094f7d00397a208b6311e8b26d603dd22ba6e79b99d/django_health_check-4.0.6-py3-none-any.whl", hash = "sha256:efba106bc4f92b1b084f3af751e9eeb0b5c1af77d0af212e432ede2ba8f1e94f", size = 25813, upload-time = "2026-02-23T17:11:39.419Z" },
]

[package.optional-dependencies]
psutil = [
    { name = "psutil" },
]
redis = [
    { name = "redis" },
]

[[package]]
name = "dnspython"
version = "2.8.0"
source = { registry = "https://pypi.org/simple" }
sdist = { url = "https://files.pythonhosted.org/packages/8c/8b/57666417c0f90f08bcafa776861060426765fdb422eb10212086fb811d26/dnspython-2.8.0.tar.gz", hash = "sha256:181d3c6996452cb1189c4046c61599b84a5a86e099562ffde77d26984ff26d0f", size = 368251, upload-time = "2025-09-07T18:58:00.022Z" }
wheels = [
    { url = "https://files.pythonhosted.org/packages/ba/5a/18ad964b0086c6e62e2e7500f7edc89e3faa45033c71c1893d34eed2b2de/dnspython-2.8.0-py3-none-any.whl", hash = "sha256:01d9bbc4a2d76bf0db7c1f729812ded6d912bd318d3b1cf81d30c0f845dbf3af", size = 331094, upload-time = "2025-09-07T18:57:58.071Z" },
]

[[package]]
name = "granian"
version = "2.7.4"
source = { registry = "https://pypi.org/simple" }
dependencies = [
    { name = "click" },
]
sdist = { url = "https://files.pythonhosted.org/packages/db/0c/27aa25280b6c1f323312e83088304da8a7f3e5c1e568d3a560365ec6fa67/granian-2.7.4.tar.gz", hash = "sha256:1dc0530d7ae6b0ae43aafafe771ac0b8c38af68bbd71ab355828817faf13aac1", size = 128212, upload-time = "2026-04-23T11:55:55.275Z" }
wheels = [
    { url = "https://files.pythonhosted.org/packages/98/5d/a0c3d8778cd8aa68131974d34c439a38a00a32953e71e3b549759a5e3cdb/granian-2.7.4-cp314-cp314-macosx_10_12_x86_64.whl", hash = "sha256:c19ebe797d7383cbb3497c599b8201af71f9fff6b18deaf9965d106f61588ab8", size = 6322736, upload-time = "2026-04-23T11:55:00.292Z" },
    { url = "https://files.pythonhosted.org/packages/5e/99/211da053030574f2402c750f3e3e5dc587f5192eac4888affe6ca8894a9f/granian-2.7.4-cp314-cp314-macosx_11_0_arm64.whl", hash = "sha256:4cee0bdba9179537669c2fa0afab2ce89327a372f1b2a82f280798da321c996c", size = 6052103, upload-time = "2026-04-23T11:55:02.797Z" },
    { url = "https://files.pythonhosted.org/packages/ab/9d/23ec1fd519a4c0db961b05d1821869ed6371cbaf8b3d3a0a85c04f89e6ca/granian-2.7.4-cp314-cp314-manylinux_2_17_armv7l.manylinux2014_armv7l.whl", hash = "sha256:a4bc5b54845bfb5f87537483f25c8f8e6003c3c1b4b0eadf6b93a432d0604265", size = 7000868, upload-time = "2026-04-23T11:55:04.826Z" },
    { url = "https://files.pythonhosted.org/packages/98/35/b8798c98c90d3293d9c85580ea6021f148d5ab73ab99d1f82a0e66f73131/granian-2.7.4-cp314-cp314-manylinux_2_17_i686.manylinux2014_i686.whl", hash = "sha256:b550fb98b89465c8192b6e506993de6bfb956838e715ffb58e944aec1afdae99", size = 6257266, upload-time = "2026-04-23T11:55:06.962Z" },
    { url = "https://files.pythonhosted.org/packages/6b/4f/5574db17193d90a5831120a0ce2a2dc64a711110ccb9af5a3630260c3597/granian-2.7.4-cp314-cp314-manylinux_2_17_x86_64.manylinux2014_x86_64.whl", hash = "sha256:d7100a6a6d3835fec2a207fef536a259dd42d9efdb5c46933cf6f9d55d5bfaad", size = 6849667, upload-time = "2026-04-23T11:55:08.862Z" },
    { url = "https://files.pythonhosted.org/packages/66/a7/90b85cc6a31cbee772fc8ee731479429a64169e389444a5fdd685d44a342/granian-2.7.4-cp314-cp314-manylinux_2_28_aarch64.whl", hash = "sha256:034ac1bfe8c19b5a7916d35a1ca426845db9ac11215f1b367566aec3b6530549", size = 6902612, upload-time = "2026-04-23T11:55:10.888Z" },
    { url = "https://files.pythonhosted.org/packages/06/6c/ba203ca40bd406db0412bca70281e44712f941bc6aafb59a628f4811d517/granian-2.7.4-cp314-cp314-musllinux_1_1_aarch64.whl", hash = "sha256:baf1c390a25d3d9840204c39e7b801c909e99e896ae2713d898c46b563cbf962", size = 6927025, upload-time = "2026-04-23T11:55:12.663Z" },
    { url = "https://files.pythonhosted.org/packages/ee/52/77e2abfba54523943eea275ebbe733a6d186fe646304fe25f6d22b243d03/granian-2.7.4-cp314-cp314-musllinux_1_1_armv7l.whl", hash = "sha256:3bb99778ae05c1118cd694717d025cc0b85f5ee81f60cbcb2a8783692798db96", size = 7146800, upload-time = "2026-04-23T11:55:14.459Z" },
    { url = "https://files.pythonhosted.org/packages/1d/66/7209201856b7de8d3c643ba87e11272c4d651c216d05ea3fcbdce0da4ab0/granian-2.7.4-cp314-cp314-musllinux_1_1_x86_64.whl", hash = "sha256:13f0a39872afa81c6aaa8e29832371fd831373140f1f04de459ff862824f488b", size = 6999983, upload-time = "2026-04-23T11:55:16.236Z" },
    { url = "https://files.pythonhosted.org/packages/c3/45/bd1e521284714615996dcee48dad47d8b97ca2767a7e7cccd392f25fc176/granian-2.7.4-cp314-cp314-win_amd64.whl", hash = "sha256:97b5aeec98a9c6c0695bf8f068bd03aca83fc17c0d977a9c3a2e57bb5f10d47e", size = 3989433, upload-time = "2026-04-23T11:55:17.774Z" },
    { url = "https://files.pythonhosted.org/packages/45/a2/609f8f0dca7f596b5fb6e57b988b4b8f4d6579724b2720933c379d43301a/granian-2.7.4-cp314-cp314t-macosx_10_12_x86_64.whl", hash = "sha256:a7b1aca6c654f0e61c9e493dd6d3ddb1698f47dc33ed04566a6635948b081b64", size = 6251034, upload-time = "2026-04-23T11:55:19.29Z" },
    { url = "https://files.pythonhosted.org/packages/4c/f5/2eefa8ff477cce7b119ed2fe97fc1f3b2d108397d4755e83a5198149f2c8/granian-2.7.4-cp314-cp314t-macosx_11_0_arm64.whl", hash = "sha256:d4e0c8cc6850dec7180a26b6805b2c4cdbac4c1c48077fd7857a3cd8ff342d9d", size = 5912772, upload-time = "2026-04-23T11:55:21.581Z" },
    { url = "https://files.pythonhosted.org/packages/ae/40/9a5070badaed4ceecf4082855985840c320f7232b8c1ddc93e1732c63265/granian-2.7.4-cp314-cp314t-manylinux_2_12_i686.manylinux2010_i686.whl", hash = "sha256:7e6b1f6e0fe873efa3393ef28803ff699a94254f2a7dc07422cc01d9849e2136", size = 6037318, upload-time = "2026-04-23T11:55:23.855Z" },
    { url = "https://files.pythonhosted.org/packages/95/52/1db412e63425cb12f5ca61877956583c6d12f21657b1a3e47eb3200e9c1b/granian-2.7.4-cp314-cp314t-manylinux_2_17_armv7l.manylinux2014_armv7l.whl", hash = "sha256:dce110217825cff60f68da83280bc20471b10e004e720fa94b845e01925d8698", size = 6962778, upload-time = "2026-04-23T11:55:26.095Z" },
    { url = "https://files.pythonhosted.org/packages/b4/f2/fcca39f617bf70e29ef903bb7a4d037970c637023484f2112d9ed6882516/granian-2.7.4-cp314-cp314t-manylinux_2_17_x86_64.manylinux2014_x86_64.whl", hash = "sha256:058f9a4ebfc7b9c2577569c6ecfd333628d0d045de272afaa65ee9933849778c", size = 6566618, upload-time = "2026-04-23T11:55:28.233Z" },
    { url = "https://files.pythonhosted.org/packages/ee/20/0da1bb552746d74275017e1ffc7fc419dd1a33345f132f6f5a90f9f41142/granian-2.7.4-cp314-cp314t-manylinux_2_28_aarch64.whl", hash = "sha256:7c05f74fa5b5dcedc9f035a7c10b8afd90a3d941975a370f1e07c3f3095dd883", size = 6670850, upload-time = "2026-04-23T11:55:29.945Z" },
    { url = "https://files.pythonhosted.org/packages/11/2a/d0d9cdb10d2760e2f47bd4600c8eef02e326f8f7e253a80ce4ba384265e6/granian-2.7.4-cp314-cp314t-musllinux_1_1_aarch64.whl", hash = "sha256:8b992bbc667e3c74de4ad48ac8d735c7cddf3f709fc2097f7dd230ecc46fd7b3", size = 6824752, upload-time = "2026-04-23T11:55:32.066Z" },
    { url = "https://files.pythonhosted.org/packages/3d/79/0432f92f9df6e54394e4dd1c159c0d4814d255a2d2541fa9a5c187d19152/granian-2.7.4-cp314-cp314t-musllinux_1_1_armv7l.whl", hash = "sha256:df05e0f85712b3e90ddf28cb8be358664b1afa8cb8f09978141ca70052dca3a7", size = 7130809, upload-time = "2026-04-23T11:55:33.807Z" },
    { url = "https://files.pythonhosted.org/packages/19/03/11cc0e08f59f03a3cd6a1fe46d7632a0f8690ef945a495b1303140bb7541/granian-2.7.4-cp314-cp314t-musllinux_1_1_x86_64.whl", hash = "sha256:dbc620f35b67cf6b03d2b6a24b9b442d1bf52961eaebadb2c3ff214d3d0c8dc4", size = 6845920, upload-time = "2026-04-23T11:55:35.583Z" },
    { url = "https://files.pythonhosted.org/packages/b4/49/bcbaaeec0f68d3d1a3dd1fdd21e4a6963d303ae18027c42b2b53f87d6b89/granian-2.7.4-cp314-cp314t-win_amd64.whl", hash = "sha256:b9df8aead4d71562753788264db23d32db34147bb73294ddd90833bef1f4cf35", size = 3981107, upload-time = "2026-04-23T11:55:37.597Z" },
]

[[package]]
name = "psutil"
version = "7.2.2"
source = { registry = "https://pypi.org/simple" }
sdist = { url = "https://files.pythonhosted.org/packages/aa/c6/d1ddf4abb55e93cebc4f2ed8b5d6dbad109ecb8d63748dd2b20ab5e57ebe/psutil-7.2.2.tar.gz", hash = "sha256:0746f5f8d406af344fd547f1c8daa5f5c33dbc293bb8d6a16d80b4bb88f59372", size = 493740, upload-time = "2026-01-28T18:14:54.428Z" }
wheels = [
    { url = "https://files.pythonhosted.org/packages/81/69/ef179ab5ca24f32acc1dac0c247fd6a13b501fd5534dbae0e05a1c48b66d/psutil-7.2.2-cp314-cp314t-macosx_10_15_x86_64.whl", hash = "sha256:eed63d3b4d62449571547b60578c5b2c4bcccc5387148db46e0c2313dad0ee00", size = 130664, upload-time = "2026-01-28T18:15:09.469Z" },
    { url = "https://files.pythonhosted.org/packages/7b/64/665248b557a236d3fa9efc378d60d95ef56dd0a490c2cd37dafc7660d4a9/psutil-7.2.2-cp314-cp314t-macosx_11_0_arm64.whl", hash = "sha256:7b6d09433a10592ce39b13d7be5a54fbac1d1228ed29abc880fb23df7cb694c9", size = 131087, upload-time = "2026-01-28T18:15:11.724Z" },
    { url = "https://files.pythonhosted.org/packages/d5/2e/e6782744700d6759ebce3043dcfa661fb61e2fb752b91cdeae9af12c2178/psutil-7.2.2-cp314-cp314t-manylinux2010_x86_64.manylinux_2_12_x86_64.manylinux_2_28_x86_64.whl", hash = "sha256:1fa4ecf83bcdf6e6c8f4449aff98eefb5d0604bf88cb883d7da3d8d2d909546a", size = 182383, upload-time = "2026-01-28T18:15:13.445Z" },
    { url = "https://files.pythonhosted.org/packages/57/49/0a41cefd10cb7505cdc04dab3eacf24c0c2cb158a998b8c7b1d27ee2c1f5/psutil-7.2.2-cp314-cp314t-manylinux2014_aarch64.manylinux_2_17_aarch64.manylinux_2_28_aarch64.whl", hash = "sha256:e452c464a02e7dc7822a05d25db4cde564444a67e58539a00f929c51eddda0cf", size = 185210, upload-time = "2026-01-28T18:15:16.002Z" },
    { url = "https://files.pythonhosted.org/packages/dd/2c/ff9bfb544f283ba5f83ba725a3c5fec6d6b10b8f27ac1dc641c473dc390d/psutil-7.2.2-cp314-cp314t-win_amd64.whl", hash = "sha256:c7663d4e37f13e884d13994247449e9f8f574bc4655d509c3b95e9ec9e2b9dc1", size = 141228, upload-time = "2026-01-28T18:15:18.385Z" },
    { url = "https://files.pythonhosted.org/packages/f2/fc/f8d9c31db14fcec13748d373e668bc3bed94d9077dbc17fb0eebc073233c/psutil-7.2.2-cp314-cp314t-win_arm64.whl", hash = "sha256:11fe5a4f613759764e79c65cf11ebdf26e33d6dd34336f8a337aa2996d71c841", size = 136284, upload-time = "2026-01-28T18:15:19.912Z" },
    { url = "https://files.pythonhosted.org/packages/e7/36/5ee6e05c9bd427237b11b3937ad82bb8ad2752d72c6969314590dd0c2f6e/psutil-7.2.2-cp36-abi3-macosx_10_9_x86_64.whl", hash = "sha256:ed0cace939114f62738d808fdcecd4c869222507e266e574799e9c0faa17d486", size = 129090, upload-time = "2026-01-28T18:15:22.168Z" },
    { url = "https://files.pythonhosted.org/packages/80/c4/f5af4c1ca8c1eeb2e92ccca14ce8effdeec651d5ab6053c589b074eda6e1/psutil-7.2.2-cp36-abi3-macosx_11_0_arm64.whl", hash = "sha256:1a7b04c10f32cc88ab39cbf606e117fd74721c831c98a27dc04578deb0c16979", size = 129859, upload-time = "2026-01-28T18:15:23.795Z" },
    { url = "https://files.pythonhosted.org/packages/b5/70/5d8df3b09e25bce090399cf48e452d25c935ab72dad19406c77f4e828045/psutil-7.2.2-cp36-abi3-manylinux2010_x86_64.manylinux_2_12_x86_64.manylinux_2_28_x86_64.whl", hash = "sha256:076a2d2f923fd4821644f5ba89f059523da90dc9014e85f8e45a5774ca5bc6f9", size = 155560, upload-time = "2026-01-28T18:15:25.976Z" },
    { url = "https://files.pythonhosted.org/packages/63/65/37648c0c158dc222aba51c089eb3bdfa238e621674dc42d48706e639204f/psutil-7.2.2-cp36-abi3-manylinux2014_aarch64.manylinux_2_17_aarch64.manylinux_2_28_aarch64.whl", hash = "sha256:b0726cecd84f9474419d67252add4ac0cd9811b04d61123054b9fb6f57df6e9e", size = 156997, upload-time = "2026-01-28T18:15:27.794Z" },
    { url = "https://files.pythonhosted.org/packages/8e/13/125093eadae863ce03c6ffdbae9929430d116a246ef69866dad94da3bfbc/psutil-7.2.2-cp36-abi3-musllinux_1_2_aarch64.whl", hash = "sha256:fd04ef36b4a6d599bbdb225dd1d3f51e00105f6d48a28f006da7f9822f2606d8", size = 148972, upload-time = "2026-01-28T18:15:29.342Z" },
    { url = "https://files.pythonhosted.org/packages/04/78/0acd37ca84ce3ddffaa92ef0f571e073faa6d8ff1f0559ab1272188ea2be/psutil-7.2.2-cp36-abi3-musllinux_1_2_x86_64.whl", hash = "sha256:b58fabe35e80b264a4e3bb23e6b96f9e45a3df7fb7eed419ac0e5947c61e47cc", size = 148266, upload-time = "2026-01-28T18:15:31.597Z" },
    { url = "https://files.pythonhosted.org/packages/b4/90/e2159492b5426be0c1fef7acba807a03511f97c5f86b3caeda6ad92351a7/psutil-7.2.2-cp37-abi3-win_amd64.whl", hash = "sha256:eb7e81434c8d223ec4a219b5fc1c47d0417b12be7ea866e24fb5ad6e84b3d988", size = 137737, upload-time = "2026-01-28T18:15:33.849Z" },
    { url = "https://files.pythonhosted.org/packages/8c/c7/7bb2e321574b10df20cbde462a94e2b71d05f9bbda251ef27d104668306a/psutil-7.2.2-cp37-abi3-win_arm64.whl", hash = "sha256:8c233660f575a5a89e6d4cb65d9f938126312bca76d8fe087b947b3a1aaac9ee", size = 134617, upload-time = "2026-01-28T18:15:36.514Z" },
]

[[package]]
name = "psycopg"
version = "3.3.3"
source = { registry = "https://pypi.org/simple" }
dependencies = [
    { name = "tzdata", marker = "sys_platform == 'win32'" },
]
sdist = { url = "https://files.pythonhosted.org/packages/d3/b6/379d0a960f8f435ec78720462fd94c4863e7a31237cf81bf76d0af5883bf/psycopg-3.3.3.tar.gz", hash = "sha256:5e9a47458b3c1583326513b2556a2a9473a1001a56c9efe9e587245b43148dd9", size = 165624, upload-time = "2026-02-18T16:52:16.546Z" }
wheels = [
    { url = "https://files.pythonhosted.org/packages/c8/5b/181e2e3becb7672b502f0ed7f16ed7352aca7c109cfb94cf3878a9186db9/psycopg-3.3.3-py3-none-any.whl", hash = "sha256:f96525a72bcfade6584ab17e89de415ff360748c766f0106959144dcbb38c698", size = 212768, upload-time = "2026-02-18T16:46:27.365Z" },
]

[package.optional-dependencies]
binary = [
    { name = "psycopg-binary", marker = "implementation_name != 'pypy'" },
]

[[package]]
name = "psycopg-binary"
version = "3.3.3"
source = { registry = "https://pypi.org/simple" }
wheels = [
    { url = "https://files.pythonhosted.org/packages/a2/71/7a57e5b12275fe7e7d84d54113f0226080423a869118419c9106c083a21c/psycopg_binary-3.3.3-cp314-cp314-macosx_10_15_x86_64.whl", hash = "sha256:497852c5eaf1f0c2d88ab74a64a8097c099deac0c71de1cbcf18659a8a04a4b2", size = 4607368, upload-time = "2026-02-18T16:51:19.295Z" },
    { url = "https://files.pythonhosted.org/packages/c7/04/cb834f120f2b2c10d4003515ef9ca9d688115b9431735e3936ae48549af8/psycopg_binary-3.3.3-cp314-cp314-macosx_11_0_arm64.whl", hash = "sha256:258d1ea53464d29768bf25930f43291949f4c7becc706f6e220c515a63a24edd", size = 4687047, upload-time = "2026-02-18T16:51:23.84Z" },
    { url = "https://files.pythonhosted.org/packages/40/e9/47a69692d3da9704468041aa5ed3ad6fc7f6bb1a5ae788d261a26bbca6c7/psycopg_binary-3.3.3-cp314-cp314-manylinux2014_ppc64le.manylinux_2_17_ppc64le.whl", hash = "sha256:111c59897a452196116db12e7f608da472fbff000693a21040e35fc978b23430", size = 5487096, upload-time = "2026-02-18T16:51:29.645Z" },
    { url = "https://files.pythonhosted.org/packages/0b/b6/0e0dd6a2f802864a4ae3dbadf4ec620f05e3904c7842b326aafc43e5f464/psycopg_binary-3.3.3-cp314-cp314-manylinux2014_x86_64.manylinux_2_17_x86_64.whl", hash = "sha256:17bb6600e2455993946385249a3c3d0af52cd70c1c1cdbf712e9d696d0b0bf1b", size = 5168720, upload-time = "2026-02-18T16:51:36.499Z" },
    { url = "https://files.pythonhosted.org/packages/6f/0d/977af38ac19a6b55d22dff508bd743fd7c1901e1b73657e7937c7cccb0a3/psycopg_binary-3.3.3-cp314-cp314-manylinux_2_27_aarch64.manylinux_2_28_aarch64.whl", hash = "sha256:642050398583d61c9856210568eb09a8e4f2fe8224bf3be21b67a370e677eead", size = 6762076, upload-time = "2026-02-18T16:51:43.167Z" },
    { url = "https://files.pythonhosted.org/packages/34/40/912a39d48322cf86895c0eaf2d5b95cb899402443faefd4b09abbba6b6e1/psycopg_binary-3.3.3-cp314-cp314-manylinux_2_38_riscv64.manylinux_2_39_riscv64.whl", hash = "sha256:533efe6dc3a7cba5e2a84e38970786bb966306863e45f3db152007e9f48638a6", size = 4997623, upload-time = "2026-02-18T16:51:47.707Z" },
    { url = "https://files.pythonhosted.org/packages/98/0c/c14d0e259c65dc7be854d926993f151077887391d5a081118907a9d89603/psycopg_binary-3.3.3-cp314-cp314-musllinux_1_2_aarch64.whl", hash = "sha256:5958dbf28b77ce2033482f6cb9ef04d43f5d8f4b7636e6963d5626f000efb23e", size = 4532096, upload-time = "2026-02-18T16:51:51.421Z" },
    { url = "https://files.pythonhosted.org/packages/39/21/8b7c50a194cfca6ea0fd4d1f276158307785775426e90700ab2eba5cd623/psycopg_binary-3.3.3-cp314-cp314-musllinux_1_2_ppc64le.whl", hash = "sha256:a6af77b6626ce92b5817bf294b4d45ec1a6161dba80fc2d82cdffdd6814fd023", size = 4208884, upload-time = "2026-02-18T16:51:57.336Z" },
    { url = "https://files.pythonhosted.org/packages/c7/2c/a4981bf42cf30ebba0424971d7ce70a222ae9b82594c42fc3f2105d7b525/psycopg_binary-3.3.3-cp314-cp314-musllinux_1_2_riscv64.whl", hash = "sha256:47f06fcbe8542b4d96d7392c476a74ada521c5aebdb41c3c0155f6595fc14c8d", size = 3944542, upload-time = "2026-02-18T16:52:04.266Z" },
    { url = "https://files.pythonhosted.org/packages/60/e9/b7c29b56aa0b85a4e0c4d89db691c1ceef08f46a356369144430c155a2f5/psycopg_binary-3.3.3-cp314-cp314-musllinux_1_2_x86_64.whl", hash = "sha256:e7800e6c6b5dc4b0ca7cc7370f770f53ac83886b76afda0848065a674231e856", size = 4254339, upload-time = "2026-02-18T16:52:10.444Z" },
    { url = "https://files.pythonhosted.org/packages/98/5a/291d89f44d3820fffb7a04ebc8f3ef5dda4f542f44a5daea0c55a84abf45/psycopg_binary-3.3.3-cp314-cp314-win_amd64.whl", hash = "sha256:165f22ab5a9513a3d7425ffb7fcc7955ed8ccaeef6d37e369d6cc1dff1582383", size = 3652796, upload-time = "2026-02-18T16:52:14.02Z" },
]

[[package]]
name = "redis"
version = "7.2.0"
source = { registry = "https://pypi.org/simple" }
sdist = { url = "https://files.pythonhosted.org/packages/9f/32/6fac13a11e73e1bc67a2ae821a72bfe4c2d8c4c48f0267e4a952be0f1bae/redis-7.2.0.tar.gz", hash = "sha256:4dd5bf4bd4ae80510267f14185a15cba2a38666b941aff68cccf0256b51c1f26", size = 4901247, upload-time = "2026-02-16T17:16:22.797Z" }
wheels = [
    { url = "https://files.pythonhosted.org/packages/86/cf/f6180b67f99688d83e15c84c5beda831d1d341e95872d224f87ccafafe61/redis-7.2.0-py3-none-any.whl", hash = "sha256:01f591f8598e483f1842d429e8ae3a820804566f1c73dca1b80e23af9fba0497", size = 394898, upload-time = "2026-02-16T17:16:20.693Z" },
]

[[package]]
name = "sqlparse"
version = "0.5.5"
source = { registry = "https://pypi.org/simple" }
sdist = { url = "https://files.pythonhosted.org/packages/90/76/437d71068094df0726366574cf3432a4ed754217b436eb7429415cf2d480/sqlparse-0.5.5.tar.gz", hash = "sha256:e20d4a9b0b8585fdf63b10d30066c7c94c5d7a7ec47c889a2d83a3caa93ff28e", size = 120815, upload-time = "2025-12-19T07:17:45.073Z" }
wheels = [
    { url = "https://files.pythonhosted.org/packages/49/4b/359f28a903c13438ef59ebeee215fb25da53066db67b305c125f1c6d2a25/sqlparse-0.5.5-py3-none-any.whl", hash = "sha256:12a08b3bf3eec877c519589833aed092e2444e68240a3577e8e26148acc7b1ba", size = 46138, upload-time = "2025-12-19T07:17:46.573Z" },
]

[[package]]
name = "tzdata"
version = "2025.3"
source = { registry = "https://pypi.org/simple" }
sdist = { url = "https://files.pythonhosted.org/packages/5e/a7/c202b344c5ca7daf398f3b8a477eeb205cf3b6f32e7ec3a6bac0629ca975/tzdata-2025.3.tar.gz", hash = "sha256:de39c2ca5dc7b0344f2eba86f49d614019d29f060fc4ebc8a417896a620b56a7", size = 196772, upload-time = "2025-12-13T17:45:35.667Z" }
wheels = [
    { url = "https://files.pythonhosted.org/packages/c7/b0/003792df09decd6849a5e39c28b513c06e84436a54440380862b5aeff25d/tzdata-2025.3-py2.py3-none-any.whl", hash = "sha256:06a47e5700f3081aab02b2e513160914ff0694bce9947d6b76ebd6bf57cfc5d1", size = 348521, upload-time = "2025-12-13T17:45:33.889Z" },
]

[[package]]
name = "whitenoise"
version = "6.11.0"
source = { registry = "https://pypi.org/simple" }
sdist = { url = "https://files.pythonhosted.org/packages/15/95/8c81ec6b6ebcbf8aca2de7603070ccf37dbb873b03f20708e0f7c1664bc6/whitenoise-6.11.0.tar.gz", hash = "sha256:0f5bfce6061ae6611cd9396a8231e088722e4fc67bc13a111be74c738d99375f", size = 26432, upload-time = "2025-09-18T09:16:10.995Z" }
wheels = [
    { url = "https://files.pythonhosted.org/packages/6c/e9/4366332f9295fe0647d7d3251ce18f5615fbcb12d02c79a26f8dba9221b3/whitenoise-6.11.0-py3-none-any.whl", hash = "sha256:b2aeb45950597236f53b5342b3121c5de69c8da0109362aee506ce88e022d258", size = 20197, upload-time = "2025-09-18T09:16:09.754Z" },
]
